
Microsoft Visual Studio Solution File, Format Version 12.00
Project("{FAE04EC0-301F-11D3-BF4B-00C04F79EFBC}") = "InheritdocInliner", "InheritdocInliner\InheritdocInliner.csproj", "{FBA2C224-CB09-405A-A579-13CB1D11EA9F}"
EndProject
Global
	GlobalSection(SolutionConfigurationPlatforms) = preSolution
		Debug|Any CPU = Debug|Any CPU
		Release|Any CPU = Release|Any CPU
	EndGlobalSection
	GlobalSection(ProjectConfigurationPlatforms) = postSolution
		{FBA2C224-CB09-405A-A579-13CB1D11EA9F}.Debug|Any CPU.ActiveCfg = Debug|Any CPU
		{FBA2C224-CB09-405A-A579-13CB1D11EA9F}.Debug|Any CPU.Build.0 = Debug|Any CPU
		{FBA2C224-CB09-405A-A579-13CB1D11EA9F}.Release|Any CPU.ActiveCfg = Release|Any CPU
		{FBA2C224-CB09-405A-A579-13CB1D11EA9F}.Release|Any CPU.Build.0 = Release|Any CPU
	EndGlobalSection
EndGlobal
